
Microsoft Visual Studio Solution File, Format Version 12.00
# Visual Studio Version 17
VisualStudioVersion = 17.4.33403.182
MinimumVisualStudioVersion = 10.0.40219.1
Project("{F184B08F-C81C-45F6-A57F-5ABD9991F28F}") = "Davidtestvisualbasic", "Davidtestvisualbasic.vbproj", "{CD44153C-C3D7-4974-860F-F43D5ECA1057}"
EndProject
Global
	GlobalSection(SolutionConfigurationPlatforms) = preSolution
		Debug|Any CPU = Debug|Any CPU
		Release|Any CPU = Release|Any CPU
	EndGlobalSection
	GlobalSection(ProjectConfigurationPlatforms) = postSolution
		{CD44153C-C3D7-4974-860F-F43D5ECA1057}.Debug|Any CPU.ActiveCfg = Debug|Any CPU
		{CD44153C-C3D7-4974-860F-F43D5ECA1057}.Debug|Any CPU.Build.0 = Debug|Any CPU
		{CD44153C-C3D7-4974-860F-F43D5ECA1057}.Release|Any CPU.ActiveCfg = Release|Any CPU
		{CD44153C-C3D7-4974-860F-F43D5ECA1057}.Release|Any CPU.Build.0 = Release|Any CPU
	EndGlobalSection
	GlobalSection(SolutionProperties) = preSolution
		HideSolutionNode = FALSE
	EndGlobalSection
	GlobalSection(ExtensibilityGlobals) = postSolution
		SolutionGuid = {1D108710-44C9-4E5E-9816-795095C58679}
	EndGlobalSection
EndGlobal
